
Microsoft Visual Studio Solution File, Format Version 12.00
Project("{FAE04EC0-301F-11D3-BF4B-00C04F79EFBC}") = "ElvaraOSTools", "ElvaraOSTools\ElvaraOSTools.csproj", "{CE38E950-4135-45FE-A0B5-657368C0B927}"
EndProject
Global
	GlobalSection(SolutionConfigurationPlatforms) = preSolution
		Debug|Any CPU = Debug|Any CPU
		Release|Any CPU = Release|Any CPU
	EndGlobalSection
	GlobalSection(ProjectConfigurationPlatforms) = postSolution
		{CE38E950-4135-45FE-A0B5-657368C0B927}.Debug|Any CPU.ActiveCfg = Debug|Any CPU
		{CE38E950-4135-45FE-A0B5-657368C0B927}.Debug|Any CPU.Build.0 = Debug|Any CPU
		{CE38E950-4135-45FE-A0B5-657368C0B927}.Release|Any CPU.ActiveCfg = Release|Any CPU
		{CE38E950-4135-45FE-A0B5-657368C0B927}.Release|Any CPU.Build.0 = Release|Any CPU
	EndGlobalSection
EndGlobal
